// !$*UTF8*$!
{
	archiveVersion = 1;
	classes = {
	};
	objectVersion = 48;
	objects = {

/* Begin PBXBuildFile section */
		C015397A21382F7A00A4D6E4 /* AppDelegate.m in Sources */ = {isa = PBXBuildFile; fileRef = C015397921382F7A00A4D6E4 /* AppDelegate.m */; };
		C015397D21382F7A00A4D6E4 /* ViewController.m in Sources */ = {isa = PBXBuildFile; fileRef = C015397C21382F7A00A4D6E4 /* ViewController.m */; };
		C015398021382F7A00A4D6E4 /* Main.storyboard in Resources */ = {isa = PBXBuildFile; fileRef = C015397E21382F7A00A4D6E4 /* Main.storyboard */; };
		C015398221382F7A00A4D6E4 /* Assets.xcassets in Resources */ = {isa = PBXBuildFile; fileRef = C015398121382F7A00A4D6E4 /* Assets.xcassets */; };
		C015398521382F7A00A4D6E4 /* LaunchScreen.storyboard in Resources */ = {isa = PBXBuildFile; fileRef = C015398321382F7A00A4D6E4 /* LaunchScreen.storyboard */; };
		C015398821382F7A00A4D6E4 /* main.m in Sources */ = {isa = PBXBuildFile; fileRef = C015398721382F7A00A4D6E4 /* main.m */; };
/* End PBXBuildFile section */

/* Begin PBXFileReference section */
		C015397521382F7A00A4D6E4 /* Delete_nth.app */ = {isa = PBXFileReference; explicitFileType = wrapper.application; includeInIndex = 0; path = Delete_nth.app; sourceTree = BUILT_PRODUCTS_DIR; };
		C015397821382F7A00A4D6E4 /* AppDelegate.h */ = {isa = PBXFileReference; lastKnownFileType = sourcecode.c.h; path = AppDelegate.h; sourceTree = "<group>"; };
		C015397921382F7A00A4D6E4 /* AppDelegate.m */ = {isa = PBXFileReference; lastKnownFileType = sourcecode.c.objc; path = AppDelegate.m; sourceTree = "<group>"; };
		C015397B21382F7A00A4D6E4 /* ViewController.h */ = {isa = PBXFileReference; lastKnownFileType = sourcecode.c.h; path = ViewController.h; sourceTree = "<group>"; };
		C015397C21382F7A00A4D6E4 /* ViewController.m */ = {isa = PBXFileReference; lastKnownFileType = sourcecode.c.objc; path = ViewController.m; sourceTree = "<group>"; };
		C015397F21382F7A00A4D6E4 /* Base */ = {isa = PBXFileReference; lastKnownFileType = file.storyboard; name = Base; path = Base.lproj/Main.storyboard; sourceTree = "<group>"; };
		C015398121382F7A00A4D6E4 /* Assets.xcassets */ = {isa = PBXFileReference; lastKnownFileType = folder.assetcatalog; path = Assets.xcassets; sourceTree = "<group>"; };
		C015398421382F7A00A4D6E4 /* Base */ = {isa = PBXFileReference; lastKnownFileType = file.storyboard; name = Base; path = Base.lproj/LaunchScreen.storyboard; sourceTree = "<group>"; };
		C015398621382F7A00A4D6E4 /* Info.plist */ = {isa = PBXFileReference; lastKnownFileType = text.plist.xml; path = Info.plist; sourceTree = "<group>"; };
		C015398721382F7A00A4D6E4 /* main.m */ = {isa = PBXFileReference; lastKnownFileType = sourcecode.c.objc; path = main.m; sourceTree = "<group>"; };
/* End PBXFileReference section */

/* Begin PBXFrameworksBuildPhase section */
		C015397221382F7A00A4D6E4 /* Frameworks */ = {
			isa = PBXFrameworksBuildPhase;
			buildActionMask = 2147483647;
			files = (
			);
			runOnlyForDeploymentPostprocessing = 0;
		};
/* End PBXFrameworksBuildPhase section */

/* Begin PBXGroup section */
		C015396C21382F7A00A4D6E4 = {
			isa = PBXGroup;
			children = (
				C015397721382F7A00A4D6E4 /* Delete_nth */,
				C015397621382F7A00A4D6E4 /* Products */,
			);
			sourceTree = "<group>";
		};
		C015397621382F7A00A4D6E4 /* Products */ = {
			isa = PBXGroup;
			children = (
				C015397521382F7A00A4D6E4 /* Delete_nth.app */,
			);
			name = Products;
			sourceTree = "<group>";
		};
		C015397721382F7A00A4D6E4 /* Delete_nth */ = {
			isa = PBXGroup;
			children = (
				C015397821382F7A00A4D6E4 /* AppDelegate.h */,
				C015397921382F7A00A4D6E4 /* AppDelegate.m */,
				C015397B21382F7A00A4D6E4 /* ViewController.h */,
				C015397C21382F7A00A4D6E4 /* ViewController.m */,
				C015397E21382F7A00A4D6E4 /* Main.storyboard */,
				C015398121382F7A00A4D6E4 /* Assets.xcassets */,
				C015398321382F7A00A4D6E4 /* LaunchScreen.storyboard */,
				C015398621382F7A00A4D6E4 /* Info.plist */,
				C015398721382F7A00A4D6E4 /* main.m */,
			);
			path = Delete_nth;
			sourceTree = "<group>";
		};
/* End PBXGroup section */

/* Begin PBXNativeTarget section */
		C015397421382F7A00A4D6E4 /* Delete_nth */ = {
			isa = PBXNativeTarget;
			buildConfigurationList = C015398B21382F7A00A4D6E4 /* Build configuration list for PBXNativeTarget "Delete_nth" */;
			buildPhases = (
				C015397121382F7A00A4D6E4 /* Sources */,
				C015397221382F7A00A4D6E4 /* Frameworks */,
				C015397321382F7A00A4D6E4 /* Resources */,
			);
			buildRules = (
			);
			dependencies = (
			);
			name = Delete_nth;
			productName = Delete_nth;
			productReference = C015397521382F7A00A4D6E4 /* Delete_nth.app */;
			productType = "com.apple.product-type.application";
		};
/* End PBXNativeTarget section */

/* Begin PBXProject section */
		C015396D21382F7A00A4D6E4 /* Project object */ = {
			isa = PBXProject;
			attributes = {
				LastUpgradeCheck = 0900;
				ORGANIZATIONNAME = WondersGroup;
				TargetAttributes = {
					C015397421382F7A00A4D6E4 = {
						CreatedOnToolsVersion = 9.0.1;
						ProvisioningStyle = Automatic;
					};
				};
			};
			buildConfigurationList = C015397021382F7A00A4D6E4 /* Build configuration list for PBXProject "Delete_nth" */;
			compatibilityVersion = "Xcode 8.0";
			developmentRegion = en;
			hasScannedForEncodings = 0;
			knownRegions = (
				en,
				Base,
			);
			mainGroup = C015396C21382F7A00A4D6E4;
			productRefGroup = C015397621382F7A00A4D6E4 /* Products */;
			projectDirPath = "";
			projectRoot = "";
			targets = (
				C015397421382F7A00A4D6E4 /* Delete_nth */,
			);
		};
/* End PBXProject section */

/* Begin PBXResourcesBuildPhase section */
		C015397321382F7A00A4D6E4 /* Resources */ = {
			isa = PBXResourcesBuildPhase;
			buildActionMask = 2147483647;
			files = (
				C015398521382F7A00A4D6E4 /* LaunchScreen.storyboard in Resources */,
				C015398221382F7A00A4D6E4 /* Assets.xcassets in Resources */,
				C015398021382F7A00A4D6E4 /* Main.storyboard in Resources */,
			);
			runOnlyForDeploymentPostprocessing = 0;
		};
/* End PBXResourcesBuildPhase section */

/* Begin PBXSourcesBuildPhase section */
		C015397121382F7A00A4D6E4 /* Sources */ = {
			isa = PBXSourcesBuildPhase;
			buildActionMask = 2147483647;
			files = (
				C015397D21382F7A00A4D6E4 /* ViewController.m in Sources */,
				C015398821382F7A00A4D6E4 /* main.m in Sources */,
				C015397A21382F7A00A4D6E4 /* AppDelegate.m in Sources */,
			);
			runOnlyForDeploymentPostprocessing = 0;
		};
/* End PBXSourcesBuildPhase section */

/* Begin PBXVariantGroup section */
		C015397E21382F7A00A4D6E4 /* Main.storyboard */ = {
			isa = PBXVariantGroup;
			children = (
				C015397F21382F7A00A4D6E4 /* Base */,
			);
			name = Main.storyboard;
			sourceTree = "<group>";
		};
		C015398321382F7A00A4D6E4 /* LaunchScreen.storyboard */ = {
			isa = PBXVariantGroup;
			children = (
				C015398421382F7A00A4D6E4 /* Base */,
			);
			name = LaunchScreen.storyboard;
			sourceTree = "<group>";
		};
/* End PBXVariantGroup section */

/* Begin XCBuildConfiguration section */
		C015398921382F7A00A4D6E4 /* Debug */ = {
			isa = XCBuildConfiguration;
			buildSettings = {
				ALWAYS_SEARCH_USER_PATHS = NO;
				CLANG_ANALYZER_NONNULL = YES;
				CLANG_ANALYZER_NUMBER_OBJECT_CONVERSION = YES_AGGRESSIVE;
				CLANG_CXX_LANGUAGE_STANDARD = "gnu++14";
				CLANG_CXX_LIBRARY = "libc++";
				CLANG_ENABLE_MODULES = YES;
				CLANG_ENABLE_OBJC_ARC = YES;
				CLANG_WARN_BLOCK_CAPTURE_AUTORELEASING = YES;
				CLANG_WARN_BOOL_CONVERSION = YES;
				CLANG_WARN_COMMA = YES;
				CLANG_WARN_CONSTANT_CONVERSION = YES;
				CLANG_WARN_DIRECT_OBJC_ISA_USAGE = YES_ERROR;
				CLANG_WARN_DOCUMENTATION_COMMENTS = YES;
				CLANG_WARN_EMPTY_BODY = YES;
				CLANG_WARN_ENUM_CONVERSION = YES;
				CLANG_WARN_INFINITE_RECURSION = YES;
				CLANG_WARN_INT_CONVERSION = YES;
				CLANG_WARN_NON_LITERAL_NULL_CONVERSION = YES;
				CLANG_WARN_OBJC_LITERAL_CONVERSION = YES;
				CLANG_WARN_OBJC_ROOT_CLASS = YES_ERROR;
				CLANG_WARN_RANGE_LOOP_ANALYSIS = YES;
				CLANG_WARN_STRICT_PROTOTYPES = YES;
				CLANG_WARN_SUSPICIOUS_MOVE = YES;
				CLANG_WARN_UNGUARDED_AVAILABILITY = YES_AGGRESSIVE;
				CLANG_WARN_UNREACHABLE_CODE = YES;
				CLANG_WARN__DUPLICATE_METHOD_MATCH = YES;
				CODE_SIGN_IDENTITY = "iPhone Developer";
				COPY_PHASE_STRIP = NO;
				DEBUG_INFORMATION_FORMAT = dwarf;
				ENABLE_STRICT_OBJC_MSGSEND = YES;
				ENABLE_TESTABILITY = YES;
				GCC_C_LANGUAGE_STANDARD = gnu11;
				GCC_DYNAMIC_NO_PIC = NO;
				GCC_NO_COMMON_BLOCKS = YES;
				GCC_OPTIMIZATION_LEVEL = 0;
				GCC_PREPROCESSOR_DEFINITIONS = (
					"DEBUG=1",
					"$(inherited)",
				);
				GCC_WARN_64_TO_32_BIT_CONVERSION = YES;
				GCC_WARN_ABOUT_RETURN_TYPE = YES_ERROR;
				GCC_WARN_UNDECLARED_SELECTOR = YES;
				GCC_WARN_UNINITIALIZED_AUTOS = YES_AGGRESSIVE;
				GCC_WARN_UNUSED_FUNCTION = YES;
				GCC_WARN_UNUSED_VARIABLE = YES;
				IPHONEOS_DEPLOYMENT_TARGET = 11.0;
				MTL_ENABLE_DEBUG_INFO = YES;
				ONLY_ACTIVE_ARCH = YES;
				SDKROOT = iphoneos;
			};
			name = Debug;
		};
		C015398A21382F7A00A4D6E4 /* Release */ = {
			isa = XCBuildConfiguration;
			buildSettings = {
				ALWAYS_SEARCH_USER_PATHS = NO;
				CLANG_ANALYZER_NONNULL = YES;
				CLANG_ANALYZER_NUMBER_OBJECT_CONVERSION = YES_AGGRESSIVE;
				CLANG_CXX_LANGUAGE_STANDARD = "gnu++14";
				CLANG_CXX_LIBRARY = "libc++";
				CLANG_ENABLE_MODULES = YES;
				CLANG_ENABLE_OBJC_ARC = YES;
				CLANG_WARN_BLOCK_CAPTURE_AUTORELEASING = YES;
				CLANG_WARN_BOOL_CONVERSION = YES;
				CLANG_WARN_COMMA = YES;
				CLANG_WARN_CONSTANT_CONVERSION = YES;
				CLANG_WARN_DIRECT_OBJC_ISA_USAGE = YES_ERROR;
				CLANG_WARN_DOCUMENTATION_COMMENTS = YES;
				CLANG_WARN_EMPTY_BODY = YES;
				CLANG_WARN_ENUM_CONVERSION = YES;
				CLANG_WARN_INFINITE_RECURSION = YES;
				CLANG_WARN_INT_CONVERSION = YES;
				CLANG_WARN_NON_LITERAL_NULL_CONVERSION = YES;
				CLANG_WARN_OBJC_LITERAL_CONVERSION = YES;
				CLANG_WARN_OBJC_ROOT_CLASS = YES_ERROR;
				CLANG_WARN_RANGE_LOOP_ANALYSIS = YES;
				CLANG_WARN_STRICT_PROTOTYPES = YES;
				CLANG_WARN_SUSPICIOUS_MOVE = YES;
				CLANG_WARN_UNGUARDED_AVAILABILITY = YES_AGGRESSIVE;
				CLANG_WARN_UNREACHABLE_CODE = YES;
				CLANG_WARN__DUPLICATE_METHOD_MATCH = YES;
				CODE_SIGN_IDENTITY = "iPhone Developer";
				COPY_PHASE_STRIP = NO;
				DEBUG_INFORMATION_FORMAT = "dwarf-with-dsym";
				ENABLE_NS_ASSERTIONS = NO;
				ENABLE_STRICT_OBJC_MSGSEND = YES;
				GCC_C_LANGUAGE_STANDARD = gnu11;
				GCC_NO_COMMON_BLOCKS = YES;
				GCC_WARN_64_TO_32_BIT_CONVERSION = YES;
				GCC_WARN_ABOUT_RETURN_TYPE = YES_ERROR;
				GCC_WARN_UNDECLARED_SELECTOR = YES;
				GCC_WARN_UNINITIALIZED_AUTOS = YES_AGGRESSIVE;
				GCC_WARN_UNUSED_FUNCTION = YES;
				GCC_WARN_UNUSED_VARIABLE = YES;
				IPHONEOS_DEPLOYMENT_TARGET = 11.0;
				MTL_ENABLE_DEBUG_INFO = NO;
				SDKROOT = iphoneos;
				VALIDATE_PRODUCT = YES;
			};
			name = Release;
		};
		C015398C21382F7A00A4D6E4 /* Debug */ = {
			isa = XCBuildConfiguration;
			buildSettings = {
				ASSETCATALOG_COMPILER_APPICON_NAME = AppIcon;
				CODE_SIGN_STYLE = Automatic;
				DEVELOPMENT_TEAM = TFEY5JV6HS;
				INFOPLIST_FILE = Delete_nth/Info.plist;
				LD_RUNPATH_SEARCH_PATHS = "$(inherited) @executable_path/Frameworks";
				PRODUCT_BUNDLE_IDENTIFIER = "com.ismile365.WSStudent.Delete-nth";
				PRODUCT_NAME = "$(TARGET_NAME)";
				TARGETED_DEVICE_FAMILY = "1,2";
			};
			name = Debug;
		};
		C015398D21382F7A00A4D6E4 /* Release */ = {
			isa = XCBuildConfiguration;
			buildSettings = {
				ASSETCATALOG_COMPILER_APPICON_NAME = AppIcon;
				CODE_SIGN_STYLE = Automatic;
				DEVELOPMENT_TEAM = TFEY5JV6HS;
				INFOPLIST_FILE = Delete_nth/Info.plist;
				LD_RUNPATH_SEARCH_PATHS = "$(inherited) @executable_path/Frameworks";
				PRODUCT_BUNDLE_IDENTIFIER = "com.ismile365.WSStudent.Delete-nth";
				PRODUCT_NAME = "$(TARGET_NAME)";
				TARGETED_DEVICE_FAMILY = "1,2";
			};
			name = Release;
		};
/* End XCBuildConfiguration section */

/* Begin XCConfigurationList section */
		C015397021382F7A00A4D6E4 /* Build configuration list for PBXProject "Delete_nth" */ = {
			isa = XCConfigurationList;
			buildConfigurations = (
				C015398921382F7A00A4D6E4 /* Debug */,
				C015398A21382F7A00A4D6E4 /* Release */,
			);
			defaultConfigurationIsVisible = 0;
			defaultConfigurationName = Release;
		};
		C015398B21382F7A00A4D6E4 /* Build configuration list for PBXNativeTarget "Delete_nth" */ = {
			isa = XCConfigurationList;
			buildConfigurations = (
				C015398C21382F7A00A4D6E4 /* Debug */,
				C015398D21382F7A00A4D6E4 /* Release */,
			);
			defaultConfigurationIsVisible = 0;
			defaultConfigurationName = Release;
		};
/* End XCConfigurationList section */
	};
	rootObject = C015396D21382F7A00A4D6E4 /* Project object */;
}
